
Microsoft Visual Studio Solution File, Format Version 12.00
# Visual Studio Version 17
VisualStudioVersion = 17.9.34902.65
MinimumVisualStudioVersion = 10.0.40219.1
Project("{9A19103F-16F7-4668-BE54-9A1E7A4F7556}") = "Entidades", "Entidades\Entidades.csproj", "{11917199-30FF-41E5-B7B3-246169CA1788}"
EndProject
Project("{9A19103F-16F7-4668-BE54-9A1E7A4F7556}") = "Test", "Test\Test.csproj", "{C9C014A0-1A9D-4E32-B03D-C805772551B8}"
EndProject
Project("{FAE04EC0-301F-11D3-BF4B-00C04F79EFBC}") = "ExcepcionPropia", "ExcepcionPropia\ExcepcionPropia.csproj", "{31417DAC-2093-4353-8BB3-9A6A243C209D}"
EndProject
Global
	GlobalSection(SolutionConfigurationPlatforms) = preSolution
		Debug|Any CPU = Debug|Any CPU
		Release|Any CPU = Release|Any CPU
	EndGlobalSection
	GlobalSection(ProjectConfigurationPlatforms) = postSolution
		{11917199-30FF-41E5-B7B3-246169CA1788}.Debug|Any CPU.ActiveCfg = Debug|Any CPU
		{11917199-30FF-41E5-B7B3-246169CA1788}.Debug|Any CPU.Build.0 = Debug|Any CPU
		{11917199-30FF-41E5-B7B3-246169CA1788}.Release|Any CPU.ActiveCfg = Release|Any CPU
		{11917199-30FF-41E5-B7B3-246169CA1788}.Release|Any CPU.Build.0 = Release|Any CPU
		{C9C014A0-1A9D-4E32-B03D-C805772551B8}.Debug|Any CPU.ActiveCfg = Debug|Any CPU
		{C9C014A0-1A9D-4E32-B03D-C805772551B8}.Debug|Any CPU.Build.0 = Debug|Any CPU
		{C9C014A0-1A9D-4E32-B03D-C805772551B8}.Release|Any CPU.ActiveCfg = Release|Any CPU
		{C9C014A0-1A9D-4E32-B03D-C805772551B8}.Release|Any CPU.Build.0 = Release|Any CPU
		{31417DAC-2093-4353-8BB3-9A6A243C209D}.Debug|Any CPU.ActiveCfg = Debug|Any CPU
		{31417DAC-2093-4353-8BB3-9A6A243C209D}.Debug|Any CPU.Build.0 = Debug|Any CPU
		{31417DAC-2093-4353-8BB3-9A6A243C209D}.Release|Any CPU.ActiveCfg = Release|Any CPU
		{31417DAC-2093-4353-8BB3-9A6A243C209D}.Release|Any CPU.Build.0 = Release|Any CPU
	EndGlobalSection
	GlobalSection(SolutionProperties) = preSolution
		HideSolutionNode = FALSE
	EndGlobalSection
	GlobalSection(ExtensibilityGlobals) = postSolution
		SolutionGuid = {EF150609-9CA8-402C-A3B5-20BDDF2D7ECC}
	EndGlobalSection
EndGlobal
